<?xml version="1.0" encoding="utf-8"?>
<Project ToolsVersion="4.0" xmlns="http://schemas.microsoft.com/developer/msbuild/2003">
  <ItemGroup>
    <Filter Include="Source Files">
      <UniqueIdentifier>{4FC737F1-C7A5-4376-A066-2A32D752A2FF}</UniqueIdentifier>
      <Extensions>cpp;c;cc;cxx;def;odl;idl;hpj;bat;asm;asmx</Extensions>
    </Filter>
    <Filter Include="Header Files">
      <UniqueIdentifier>{93995380-89BD-4b04-88EB-625FBE52EBFB}</UniqueIdentifier>
      <Extensions>h;hh;hpp;hxx;hm;inl;inc;xsd</Extensions>
    </Filter>
    <Filter Include="Resource Files">
      <UniqueIdentifier>{D9D6E242-F8AF-46E4-B9FD-80ECBC20BA3E}</UniqueIdentifier>
      <Extensions>qrc;*</Extensions>
      <ParseFiles>false</ParseFiles>
    </Filter>
    <Filter Include="Resource Files">
      <UniqueIdentifier>{D9D6E242-F8AF-46E4-B9FD-80ECBC20BA3E}</UniqueIdentifier>
      <Extensions>qrc;*</Extensions>
      <ParseFiles>false</ParseFiles>
    </Filter>
    <Filter Include="Generated Files">
      <UniqueIdentifier>{71ED8ED8-ACB9-4CE9-BBE1-E00B30144E11}</UniqueIdentifier>
      <Extensions>moc;h;cpp</Extensions>
      <SourceControlFiles>False</SourceControlFiles>
    </Filter>
    <Filter Include="Primitives">
      <UniqueIdentifier>{b2d1e79d-cb42-4d9f-b170-debe471b10e1}</UniqueIdentifier>
    </Filter>
    <Filter Include="Header Files\GLSL">
      <UniqueIdentifier>{edc73b78-0445-404b-b7f6-7a90f0592146}</UniqueIdentifier>
    </Filter>
    <Filter Include="Primitives\AssImplLoad">
      <UniqueIdentifier>{5c5ac681-6f61-4bc2-9240-a03edc7b2cf5}</UniqueIdentifier>
    </Filter>
  </ItemGroup>
  <ItemGroup>
    <ClCompile Include="main.cpp">
      <Filter>Source Files</Filter>
    </ClCompile>
    <ClCompile Include="MeGLWindow.cpp">
      <Filter>Source Files</Filter>
    </ClCompile>
    <ClCompile Include="QtGLShaderCode.cpp">
      <Filter>Source Files</Filter>
    </ClCompile>
    <ClCompile Include="Primitives\ShapeGenerator.cpp">
      <Filter>Primitives</Filter>
    </ClCompile>
    <ClCompile Include="UniformColor.cpp">
      <Filter>Source Files</Filter>
    </ClCompile>
    <ClCompile Include="CubicBox.cpp">
      <Filter>Source Files</Filter>
    </ClCompile>
    <ClCompile Include="Primitives\CubeGenerator.cpp">
      <Filter>Primitives</Filter>
    </ClCompile>
    <ClCompile Include="TeaPot.cpp">
      <Filter>Primitives</Filter>
    </ClCompile>
    <ClCompile Include="DrawElementsInstance.cpp">
      <Filter>Source Files</Filter>
    </ClCompile>
    <ClCompile Include="CubicBox_AttributeLocation.cpp">
      <Filter>Source Files</Filter>
    </ClCompile>
    <ClCompile Include="MyCamera.h">
      <Filter>Header Files</Filter>
    </ClCompile>
    <ClCompile Include="MyCamera.cpp">
      <Filter>Source Files</Filter>
    </ClCompile>
    <ClCompile Include="CubicBox_DynamicDraw.cpp">
      <Filter>Source Files</Filter>
    </ClCompile>
    <ClCompile Include="Primitives\ArrowGenerator.cpp">
      <Filter>Primitives</Filter>
    </ClCompile>
    <ClCompile Include="Primitives\TeaPotGenerator.cpp">
      <Filter>Primitives</Filter>
    </ClCompile>
    <ClCompile Include="Primitives\PlaneGenerator.cpp">
      <Filter>Primitives</Filter>
    </ClCompile>
    <ClCompile Include="LightSource.cpp">
      <Filter>Source Files</Filter>
    </ClCompile>
    <ClCompile Include="loadBMP.cpp">
      <Filter>Source Files</Filter>
    </ClCompile>
    <ClCompile Include="TwoD_texture.cpp">
      <Filter>Source Files</Filter>
    </ClCompile>
    <ClCompile Include="Primitives\texture01.cpp">
      <Filter>Primitives</Filter>
    </ClCompile>
    <ClCompile Include="Primitives\AssImplLoad\loadModel.cpp">
      <Filter>Primitives\AssImplLoad</Filter>
    </ClCompile>
  </ItemGroup>
  <ItemGroup>
    <ClInclude Include="MeGLWindow.h">
      <Filter>Header Files</Filter>
    </ClInclude>
    <ClInclude Include="Primitives\ShapeData.h">
      <Filter>Primitives</Filter>
    </ClInclude>
    <ClInclude Include="UniformColor.h">
      <Filter>Header Files</Filter>
    </ClInclude>
    <ClInclude Include="CubicBox.h">
      <Filter>Header Files</Filter>
    </ClInclude>
    <ClInclude Include="Primitives\ShapeGenerator.h">
      <Filter>Primitives</Filter>
    </ClInclude>
    <ClInclude Include="TeaPot.h">
      <Filter>Header Files</Filter>
    </ClInclude>
    <ClInclude Include="DrawElementsInstance.h">
      <Filter>Header Files</Filter>
    </ClInclude>
    <ClInclude Include="CubicBox_AttributeLocation.h">
      <Filter>Header Files</Filter>
    </ClInclude>
    <ClInclude Include="CubicBox_DynamicDraw.h">
      <Filter>Header Files</Filter>
    </ClInclude>
    <ClInclude Include="Primitives\CubeGenerator.h">
      <Filter>Primitives</Filter>
    </ClInclude>
    <ClInclude Include="Primitives\Vertex.h">
      <Filter>Primitives</Filter>
    </ClInclude>
    <ClInclude Include="Primitives\ArrowGenerator.h">
      <Filter>Primitives</Filter>
    </ClInclude>
    <ClInclude Include="Primitives\TeaPotGenerator.h">
      <Filter>Primitives</Filter>
    </ClInclude>
    <ClInclude Include="Primitives\PlaneGenerator.h">
      <Filter>Primitives</Filter>
    </ClInclude>
    <ClInclude Include="Primitives\TeapotData.h">
      <Filter>Primitives</Filter>
    </ClInclude>
    <ClInclude Include="LightSource.h">
      <Filter>Header Files</Filter>
    </ClInclude>
    <ClInclude Include="XuModel.h">
      <Filter>Header Files</Filter>
    </ClInclude>
    <ClInclude Include="Primitives\TextureData.h">
      <Filter>Primitives</Filter>
    </ClInclude>
    <ClInclude Include="loadBMP.h">
      <Filter>Header Files</Filter>
    </ClInclude>
    <ClInclude Include="TwoD_texture.h">
      <Filter>Header Files</Filter>
    </ClInclude>
    <ClInclude Include="Primitives\shader.h">
      <Filter>Primitives</Filter>
    </ClInclude>
    <ClInclude Include="Primitives\texture01.h">
      <Filter>Primitives</Filter>
    </ClInclude>
    <ClInclude Include="Primitives\AssImplLoad\camera.h">
      <Filter>Primitives\AssImplLoad</Filter>
    </ClInclude>
    <ClInclude Include="Primitives\AssImplLoad\mesh.h">
      <Filter>Primitives\AssImplLoad</Filter>
    </ClInclude>
    <ClInclude Include="Primitives\AssImplLoad\model.h">
      <Filter>Primitives\AssImplLoad</Filter>
    </ClInclude>
    <ClInclude Include="Primitives\AssImplLoad\shader.h">
      <Filter>Primitives\AssImplLoad</Filter>
    </ClInclude>
    <ClInclude Include="Primitives\AssImplLoad\texture.h">
      <Filter>Primitives\AssImplLoad</Filter>
    </ClInclude>
    <ClInclude Include="Primitives\AssImplLoad\loadModel.h">
      <Filter>Primitives\AssImplLoad</Filter>
    </ClInclude>
  </ItemGroup>
  <ItemGroup>
    <None Include="CubicBox_FragmentShaderCode.glsl">
      <Filter>Header Files\GLSL</Filter>
    </None>
    <None Include="CubicBox_VertexShaderCode.glsl">
      <Filter>Header Files\GLSL</Filter>
    </None>
    <None Include="fragmentShaderCode.glsl">
      <Filter>Header Files\GLSL</Filter>
    </None>
    <None Include="simple_rotation_VertexShaderCode.glsl">
      <Filter>Header Files\GLSL</Filter>
    </None>
    <None Include="UniformColor_FragmentShaderCode.glsl">
      <Filter>Header Files\GLSL</Filter>
    </None>
    <None Include="UniformColor_VertexShaderCode.glsl">
      <Filter>Header Files\GLSL</Filter>
    </None>
    <None Include="vertexShaderCode.glsl">
      <Filter>Header Files\GLSL</Filter>
    </None>
    <None Include="DrawElementsInstance.glsl">
      <Filter>Header Files\GLSL</Filter>
    </None>
    <None Include="CubicBox_AttributeLocation_VertexShaderCode.glsl">
      <Filter>Header Files\GLSL</Filter>
    </None>
    <None Include="LightSource_VertexShaderCode.glsl">
      <Filter>Header Files\GLSL</Filter>
    </None>
    <None Include="LightSource_FragmentShaderCode.glsl">
      <Filter>Header Files\GLSL</Filter>
    </None>
    <None Include="LightSource_VertexPassthroughCode.glsl">
      <Filter>Header Files\GLSL</Filter>
    </None>
    <None Include="LightSource_FragmentPassThroughCode.glsl">
      <Filter>Header Files\GLSL</Filter>
    </None>
    <None Include="TwoD_texture_VertexShaderCode.glsl">
      <Filter>Header Files\GLSL</Filter>
    </None>
    <None Include="TwoD_texture_FragmentShaderCode.glsl">
      <Filter>Header Files\GLSL</Filter>
    </None>
    <None Include="Primitives\triangle.vertex">
      <Filter>Primitives</Filter>
    </None>
    <None Include="Primitives\triangle.frag">
      <Filter>Primitives</Filter>
    </None>
    <None Include="Primitives\AssImplLoad\model.frag">
      <Filter>Primitives\AssImplLoad</Filter>
    </None>
    <None Include="Primitives\AssImplLoad\model.vertex">
      <Filter>Primitives\AssImplLoad</Filter>
    </None>
  </ItemGroup>
  <ItemGroup>
    <Text Include="Primitives\AssImplLoad\modelPath.txt">
      <Filter>Primitives\AssImplLoad</Filter>
    </Text>
  </ItemGroup>
</Project>